
Microsoft Visual Studio Solution File, Format Version 12.00
# Visual Studio Version 17
VisualStudioVersion = 17.14.36429.23 d17.14
MinimumVisualStudioVersion = 10.0.40219.1
Project("{FAE04EC0-301F-11D3-BF4B-00C04F79EFBC}") = "WebApplication.Api", "WebApplication.Api\WebApplication.Api.csproj", "{CAF56BBC-EC87-40EA-91AC-3E67D22233DC}"
EndProject
Global
	GlobalSection(SolutionConfigurationPlatforms) = preSolution
		Debug|Any CPU = Debug|Any CPU
		Release|Any CPU = Release|Any CPU
	EndGlobalSection
	GlobalSection(ProjectConfigurationPlatforms) = postSolution
		{CAF56BBC-EC87-40EA-91AC-3E67D22233DC}.Debug|Any CPU.ActiveCfg = Debug|Any CPU
		{CAF56BBC-EC87-40EA-91AC-3E67D22233DC}.Debug|Any CPU.Build.0 = Debug|Any CPU
		{CAF56BBC-EC87-40EA-91AC-3E67D22233DC}.Release|Any CPU.ActiveCfg = Release|Any CPU
		{CAF56BBC-EC87-40EA-91AC-3E67D22233DC}.Release|Any CPU.Build.0 = Release|Any CPU
	EndGlobalSection
	GlobalSection(SolutionProperties) = preSolution
		HideSolutionNode = FALSE
	EndGlobalSection
	GlobalSection(ExtensibilityGlobals) = postSolution
		SolutionGuid = {A353C830-482D-4D0D-BD30-3604A9D29198}
	EndGlobalSection
EndGlobal
